// !$*UTF8*$!
{
	archiveVersion = 1;
	classes = {
	};
	objectVersion = 56;
	objects = {

/* Begin PBXBuildFile section */
		8710CF832C00D44A00CA9F6B /* RokGameApp.swift in Sources */ = {isa = PBXBuildFile; fileRef = 8710CF822C00D44A00CA9F6B /* RokGameApp.swift */; };
		8710CF852C00D44A00CA9F6B /* ContentView.swift in Sources */ = {isa = PBXBuildFile; fileRef = 8710CF842C00D44A00CA9F6B /* ContentView.swift */; };
		8710CF872C00D44B00CA9F6B /* Assets.xcassets in Resources */ = {isa = PBXBuildFile; fileRef = 8710CF862C00D44B00CA9F6B /* Assets.xcassets */; };
		8710CF8A2C00D44B00CA9F6B /* Preview Assets.xcassets in Resources */ = {isa = PBXBuildFile; fileRef = 8710CF892C00D44B00CA9F6B /* Preview Assets.xcassets */; };
		8710CF942C00D44B00CA9F6B /* RokGameTests.swift in Sources */ = {isa = PBXBuildFile; fileRef = 8710CF932C00D44B00CA9F6B /* RokGameTests.swift */; };
		8710CF9E2C00D44B00CA9F6B /* RokGameUITests.swift in Sources */ = {isa = PBXBuildFile; fileRef = 8710CF9D2C00D44B00CA9F6B /* RokGameUITests.swift */; };
		8710CFA02C00D44B00CA9F6B /* RokGameUITestsLaunchTests.swift in Sources */ = {isa = PBXBuildFile; fileRef = 8710CF9F2C00D44B00CA9F6B /* RokGameUITestsLaunchTests.swift */; };
		8710CFB62C00FD1900CA9F6B /* Splash.swift in Sources */ = {isa = PBXBuildFile; fileRef = 8710CFB52C00FD1900CA9F6B /* Splash.swift */; };
		8710CFB82C00FDB200CA9F6B /* Onboarding.swift in Sources */ = {isa = PBXBuildFile; fileRef = 8710CFB72C00FDB200CA9F6B /* Onboarding.swift */; };
		8710CFBB2C01A14000CA9F6B /* Background.swift in Sources */ = {isa = PBXBuildFile; fileRef = 8710CFBA2C01A14000CA9F6B /* Background.swift */; };
		8710CFBF2C01B88B00CA9F6B /* ViewGame2.swift in Sources */ = {isa = PBXBuildFile; fileRef = 8710CFBE2C01B88B00CA9F6B /* ViewGame2.swift */; };
		8710CFC22C01B8B700CA9F6B /* ViewGame3.swift in Sources */ = {isa = PBXBuildFile; fileRef = 8710CFC12C01B8B700CA9F6B /* ViewGame3.swift */; };
		8710CFC42C01C9F500CA9F6B /* AnswerButton.swift in Sources */ = {isa = PBXBuildFile; fileRef = 8710CFC32C01C9F500CA9F6B /* AnswerButton.swift */; };
/* End PBXBuildFile section */

/* Begin PBXContainerItemProxy section */
		8710CF902C00D44B00CA9F6B /* PBXContainerItemProxy */ = {
			isa = PBXContainerItemProxy;
			containerPortal = 8710CF772C00D44A00CA9F6B /* Project object */;
			proxyType = 1;
			remoteGlobalIDString = 8710CF7E2C00D44A00CA9F6B;
			remoteInfo = RokGame;
		};
		8710CF9A2C00D44B00CA9F6B /* PBXContainerItemProxy */ = {
			isa = PBXContainerItemProxy;
			containerPortal = 8710CF772C00D44A00CA9F6B /* Project object */;
			proxyType = 1;
			remoteGlobalIDString = 8710CF7E2C00D44A00CA9F6B;
			remoteInfo = RokGame;
		};
/* End PBXContainerItemProxy section */

/* Begin PBXFileReference section */
		8710CF7F2C00D44A00CA9F6B /* RokGame.app */ = {isa = PBXFileReference; explicitFileType = wrapper.application; includeInIndex = 0; path = RokGame.app; sourceTree = BUILT_PRODUCTS_DIR; };
		8710CF822C00D44A00CA9F6B /* RokGameApp.swift */ = {isa = PBXFileReference; lastKnownFileType = sourcecode.swift; path = RokGameApp.swift; sourceTree = "<group>"; };
		8710CF842C00D44A00CA9F6B /* ContentView.swift */ = {isa = PBXFileReference; lastKnownFileType = sourcecode.swift; path = ContentView.swift; sourceTree = "<group>"; };
		8710CF862C00D44B00CA9F6B /* Assets.xcassets */ = {isa = PBXFileReference; lastKnownFileType = folder.assetcatalog; path = Assets.xcassets; sourceTree = "<group>"; };
		8710CF892C00D44B00CA9F6B /* Preview Assets.xcassets */ = {isa = PBXFileReference; lastKnownFileType = folder.assetcatalog; path = "Preview Assets.xcassets"; sourceTree = "<group>"; };
		8710CF8F2C00D44B00CA9F6B /* RokGameTests.xctest */ = {isa = PBXFileReference; explicitFileType = wrapper.cfbundle; includeInIndex = 0; path = RokGameTests.xctest; sourceTree = BUILT_PRODUCTS_DIR; };
		8710CF932C00D44B00CA9F6B /* RokGameTests.swift */ = {isa = PBXFileReference; lastKnownFileType = sourcecode.swift; path = RokGameTests.swift; sourceTree = "<group>"; };
		8710CF992C00D44B00CA9F6B /* RokGameUITests.xctest */ = {isa = PBXFileReference; explicitFileType = wrapper.cfbundle; includeInIndex = 0; path = RokGameUITests.xctest; sourceTree = BUILT_PRODUCTS_DIR; };
		8710CF9D2C00D44B00CA9F6B /* RokGameUITests.swift */ = {isa = PBXFileReference; lastKnownFileType = sourcecode.swift; path = RokGameUITests.swift; sourceTree = "<group>"; };
		8710CF9F2C00D44B00CA9F6B /* RokGameUITestsLaunchTests.swift */ = {isa = PBXFileReference; lastKnownFileType = sourcecode.swift; path = RokGameUITestsLaunchTests.swift; sourceTree = "<group>"; };
		8710CFB52C00FD1900CA9F6B /* Splash.swift */ = {isa = PBXFileReference; lastKnownFileType = sourcecode.swift; path = Splash.swift; sourceTree = "<group>"; };
		8710CFB72C00FDB200CA9F6B /* Onboarding.swift */ = {isa = PBXFileReference; lastKnownFileType = sourcecode.swift; path = Onboarding.swift; sourceTree = "<group>"; };
		8710CFBA2C01A14000CA9F6B /* Background.swift */ = {isa = PBXFileReference; lastKnownFileType = sourcecode.swift; path = Background.swift; sourceTree = "<group>"; };
		8710CFBE2C01B88B00CA9F6B /* ViewGame2.swift */ = {isa = PBXFileReference; lastKnownFileType = sourcecode.swift; path = ViewGame2.swift; sourceTree = "<group>"; };
		8710CFC12C01B8B700CA9F6B /* ViewGame3.swift */ = {isa = PBXFileReference; lastKnownFileType = sourcecode.swift; path = ViewGame3.swift; sourceTree = "<group>"; };
		8710CFC32C01C9F500CA9F6B /* AnswerButton.swift */ = {isa = PBXFileReference; lastKnownFileType = sourcecode.swift; path = AnswerButton.swift; sourceTree = "<group>"; };
/* End PBXFileReference section */

/* Begin PBXFrameworksBuildPhase section */
		8710CF7C2C00D44A00CA9F6B /* Frameworks */ = {
			isa = PBXFrameworksBuildPhase;
			buildActionMask = 2147483647;
			files = (
			);
			runOnlyForDeploymentPostprocessing = 0;
		};
		8710CF8C2C00D44B00CA9F6B /* Frameworks */ = {
			isa = PBXFrameworksBuildPhase;
			buildActionMask = 2147483647;
			files = (
			);
			runOnlyForDeploymentPostprocessing = 0;
		};
		8710CF962C00D44B00CA9F6B /* Frameworks */ = {
			isa = PBXFrameworksBuildPhase;
			buildActionMask = 2147483647;
			files = (
			);
			runOnlyForDeploymentPostprocessing = 0;
		};
/* End PBXFrameworksBuildPhase section */

/* Begin PBXGroup section */
		8710CF762C00D44A00CA9F6B = {
			isa = PBXGroup;
			children = (
				8710CF812C00D44A00CA9F6B /* RokGame */,
				8710CF922C00D44B00CA9F6B /* RokGameTests */,
				8710CF9C2C00D44B00CA9F6B /* RokGameUITests */,
				8710CF802C00D44A00CA9F6B /* Products */,
			);
			sourceTree = "<group>";
		};
		8710CF802C00D44A00CA9F6B /* Products */ = {
			isa = PBXGroup;
			children = (
				8710CF7F2C00D44A00CA9F6B /* RokGame.app */,
				8710CF8F2C00D44B00CA9F6B /* RokGameTests.xctest */,
				8710CF992C00D44B00CA9F6B /* RokGameUITests.xctest */,
			);
			name = Products;
			sourceTree = "<group>";
		};
		8710CF812C00D44A00CA9F6B /* RokGame */ = {
			isa = PBXGroup;
			children = (
				8710CF822C00D44A00CA9F6B /* RokGameApp.swift */,
				8710CFB42C00FD0100CA9F6B /* DemoView */,
				8710CF842C00D44A00CA9F6B /* ContentView.swift */,
				8710CFB22C00FB3700CA9F6B /* MarkGame */,
				8710CFBC2C01B87300CA9F6B /* Game2 */,
				8710CFC02C01B8AA00CA9F6B /* Game3 */,
				8710CF862C00D44B00CA9F6B /* Assets.xcassets */,
				8710CF882C00D44B00CA9F6B /* Preview Content */,
			);
			path = RokGame;
			sourceTree = "<group>";
		};
		8710CF882C00D44B00CA9F6B /* Preview Content */ = {
			isa = PBXGroup;
			children = (
				8710CF892C00D44B00CA9F6B /* Preview Assets.xcassets */,
			);
			path = "Preview Content";
			sourceTree = "<group>";
		};
		8710CF922C00D44B00CA9F6B /* RokGameTests */ = {
			isa = PBXGroup;
			children = (
				8710CF932C00D44B00CA9F6B /* RokGameTests.swift */,
			);
			path = RokGameTests;
			sourceTree = "<group>";
		};
		8710CF9C2C00D44B00CA9F6B /* RokGameUITests */ = {
			isa = PBXGroup;
			children = (
				8710CF9D2C00D44B00CA9F6B /* RokGameUITests.swift */,
				8710CF9F2C00D44B00CA9F6B /* RokGameUITestsLaunchTests.swift */,
			);
			path = RokGameUITests;
			sourceTree = "<group>";
		};
		8710CFB22C00FB3700CA9F6B /* MarkGame */ = {
			isa = PBXGroup;
			children = (
				8710CFB92C01A10C00CA9F6B /* ModelMark */,
				8710CFB32C00FBE800CA9F6B /* ViewMark */,
			);
			path = MarkGame;
			sourceTree = "<group>";
		};
		8710CFB32C00FBE800CA9F6B /* ViewMark */ = {
			isa = PBXGroup;
			children = (
				8710CFBA2C01A14000CA9F6B /* Background.swift */,
				8710CFC32C01C9F500CA9F6B /* AnswerButton.swift */,
			);
			path = ViewMark;
			sourceTree = "<group>";
		};
		8710CFB42C00FD0100CA9F6B /* DemoView */ = {
			isa = PBXGroup;
			children = (
				8710CFB52C00FD1900CA9F6B /* Splash.swift */,
				8710CFB72C00FDB200CA9F6B /* Onboarding.swift */,
			);
			path = DemoView;
			sourceTree = "<group>";
		};
		8710CFB92C01A10C00CA9F6B /* ModelMark */ = {
			isa = PBXGroup;
			children = (
			);
			path = ModelMark;
			sourceTree = "<group>";
		};
		8710CFBC2C01B87300CA9F6B /* Game2 */ = {
			isa = PBXGroup;
			children = (
				8710CFBD2C01B87B00CA9F6B /* ViewGame2 */,
			);
			path = Game2;
			sourceTree = "<group>";
		};
		8710CFBD2C01B87B00CA9F6B /* ViewGame2 */ = {
			isa = PBXGroup;
			children = (
				8710CFBE2C01B88B00CA9F6B /* ViewGame2.swift */,
			);
			path = ViewGame2;
			sourceTree = "<group>";
		};
		8710CFC02C01B8AA00CA9F6B /* Game3 */ = {
			isa = PBXGroup;
			children = (
				8710CFC12C01B8B700CA9F6B /* ViewGame3.swift */,
			);
			path = Game3;
			sourceTree = "<group>";
		};
/* End PBXGroup section */

/* Begin PBXNativeTarget section */
		8710CF7E2C00D44A00CA9F6B /* RokGame */ = {
			isa = PBXNativeTarget;
			buildConfigurationList = 8710CFA32C00D44B00CA9F6B /* Build configuration list for PBXNativeTarget "RokGame" */;
			buildPhases = (
				8710CF7B2C00D44A00CA9F6B /* Sources */,
				8710CF7C2C00D44A00CA9F6B /* Frameworks */,
				8710CF7D2C00D44A00CA9F6B /* Resources */,
			);
			buildRules = (
			);
			dependencies = (
			);
			name = RokGame;
			productName = RokGame;
			productReference = 8710CF7F2C00D44A00CA9F6B /* RokGame.app */;
			productType = "com.apple.product-type.application";
		};
		8710CF8E2C00D44B00CA9F6B /* RokGameTests */ = {
			isa = PBXNativeTarget;
			buildConfigurationList = 8710CFA62C00D44B00CA9F6B /* Build configuration list for PBXNativeTarget "RokGameTests" */;
			buildPhases = (
				8710CF8B2C00D44B00CA9F6B /* Sources */,
				8710CF8C2C00D44B00CA9F6B /* Frameworks */,
				8710CF8D2C00D44B00CA9F6B /* Resources */,
			);
			buildRules = (
			);
			dependencies = (
				8710CF912C00D44B00CA9F6B /* PBXTargetDependency */,
			);
			name = RokGameTests;
			productName = RokGameTests;
			productReference = 8710CF8F2C00D44B00CA9F6B /* RokGameTests.xctest */;
			productType = "com.apple.product-type.bundle.unit-test";
		};
		8710CF982C00D44B00CA9F6B /* RokGameUITests */ = {
			isa = PBXNativeTarget;
			buildConfigurationList = 8710CFA92C00D44B00CA9F6B /* Build configuration list for PBXNativeTarget "RokGameUITests" */;
			buildPhases = (
				8710CF952C00D44B00CA9F6B /* Sources */,
				8710CF962C00D44B00CA9F6B /* Frameworks */,
				8710CF972C00D44B00CA9F6B /* Resources */,
			);
			buildRules = (
			);
			dependencies = (
				8710CF9B2C00D44B00CA9F6B /* PBXTargetDependency */,
			);
			name = RokGameUITests;
			productName = RokGameUITests;
			productReference = 8710CF992C00D44B00CA9F6B /* RokGameUITests.xctest */;
			productType = "com.apple.product-type.bundle.ui-testing";
		};
/* End PBXNativeTarget section */

/* Begin PBXProject section */
		8710CF772C00D44A00CA9F6B /* Project object */ = {
			isa = PBXProject;
			attributes = {
				BuildIndependentTargetsInParallel = 1;
				LastSwiftUpdateCheck = 1540;
				LastUpgradeCheck = 1540;
				TargetAttributes = {
					8710CF7E2C00D44A00CA9F6B = {
						CreatedOnToolsVersion = 15.4;
					};
					8710CF8E2C00D44B00CA9F6B = {
						CreatedOnToolsVersion = 15.4;
						TestTargetID = 8710CF7E2C00D44A00CA9F6B;
					};
					8710CF982C00D44B00CA9F6B = {
						CreatedOnToolsVersion = 15.4;
						TestTargetID = 8710CF7E2C00D44A00CA9F6B;
					};
				};
			};
			buildConfigurationList = 8710CF7A2C00D44A00CA9F6B /* Build configuration list for PBXProject "RokGame" */;
			compatibilityVersion = "Xcode 14.0";
			developmentRegion = en;
			hasScannedForEncodings = 0;
			knownRegions = (
				en,
				Base,
			);
			mainGroup = 8710CF762C00D44A00CA9F6B;
			productRefGroup = 8710CF802C00D44A00CA9F6B /* Products */;
			projectDirPath = "";
			projectRoot = "";
			targets = (
				8710CF7E2C00D44A00CA9F6B /* RokGame */,
				8710CF8E2C00D44B00CA9F6B /* RokGameTests */,
				8710CF982C00D44B00CA9F6B /* RokGameUITests */,
			);
		};
/* End PBXProject section */

/* Begin PBXResourcesBuildPhase section */
		8710CF7D2C00D44A00CA9F6B /* Resources */ = {
			isa = PBXResourcesBuildPhase;
			buildActionMask = 2147483647;
			files = (
				8710CF8A2C00D44B00CA9F6B /* Preview Assets.xcassets in Resources */,
				8710CF872C00D44B00CA9F6B /* Assets.xcassets in Resources */,
			);
			runOnlyForDeploymentPostprocessing = 0;
		};
		8710CF8D2C00D44B00CA9F6B /* Resources */ = {
			isa = PBXResourcesBuildPhase;
			buildActionMask = 2147483647;
			files = (
			);
			runOnlyForDeploymentPostprocessing = 0;
		};
		8710CF972C00D44B00CA9F6B /* Resources */ = {
			isa = PBXResourcesBuildPhase;
			buildActionMask = 2147483647;
			files = (
			);
			runOnlyForDeploymentPostprocessing = 0;
		};
/* End PBXResourcesBuildPhase section */

/* Begin PBXSourcesBuildPhase section */
		8710CF7B2C00D44A00CA9F6B /* Sources */ = {
			isa = PBXSourcesBuildPhase;
			buildActionMask = 2147483647;
			files = (
				8710CF852C00D44A00CA9F6B /* ContentView.swift in Sources */,
				8710CFC42C01C9F500CA9F6B /* AnswerButton.swift in Sources */,
				8710CFBF2C01B88B00CA9F6B /* ViewGame2.swift in Sources */,
				8710CFB62C00FD1900CA9F6B /* Splash.swift in Sources */,
				8710CFC22C01B8B700CA9F6B /* ViewGame3.swift in Sources */,
				8710CFB82C00FDB200CA9F6B /* Onboarding.swift in Sources */,
				8710CFBB2C01A14000CA9F6B /* Background.swift in Sources */,
				8710CF832C00D44A00CA9F6B /* RokGameApp.swift in Sources */,
			);
			runOnlyForDeploymentPostprocessing = 0;
		};
		8710CF8B2C00D44B00CA9F6B /* Sources */ = {
			isa = PBXSourcesBuildPhase;
			buildActionMask = 2147483647;
			files = (
				8710CF942C00D44B00CA9F6B /* RokGameTests.swift in Sources */,
			);
			runOnlyForDeploymentPostprocessing = 0;
		};
		8710CF952C00D44B00CA9F6B /* Sources */ = {
			isa = PBXSourcesBuildPhase;
			buildActionMask = 2147483647;
			files = (
				8710CF9E2C00D44B00CA9F6B /* RokGameUITests.swift in Sources */,
				8710CFA02C00D44B00CA9F6B /* RokGameUITestsLaunchTests.swift in Sources */,
			);
			runOnlyForDeploymentPostprocessing = 0;
		};
/* End PBXSourcesBuildPhase section */

/* Begin PBXTargetDependency section */
		8710CF912C00D44B00CA9F6B /* PBXTargetDependency */ = {
			isa = PBXTargetDependency;
			target = 8710CF7E2C00D44A00CA9F6B /* RokGame */;
			targetProxy = 8710CF902C00D44B00CA9F6B /* PBXContainerItemProxy */;
		};
		8710CF9B2C00D44B00CA9F6B /* PBXTargetDependency */ = {
			isa = PBXTargetDependency;
			target = 8710CF7E2C00D44A00CA9F6B /* RokGame */;
			targetProxy = 8710CF9A2C00D44B00CA9F6B /* PBXContainerItemProxy */;
		};
/* End PBXTargetDependency section */

/* Begin XCBuildConfiguration section */
		8710CFA12C00D44B00CA9F6B /* Debug */ = {
			isa = XCBuildConfiguration;
			buildSettings = {
				ALWAYS_SEARCH_USER_PATHS = NO;
				ASSETCATALOG_COMPILER_GENERATE_SWIFT_ASSET_SYMBOL_EXTENSIONS = YES;
				CLANG_ANALYZER_NONNULL = YES;
				CLANG_ANALYZER_NUMBER_OBJECT_CONVERSION = YES_AGGRESSIVE;
				CLANG_CXX_LANGUAGE_STANDARD = "gnu++20";
				CLANG_ENABLE_MODULES = YES;
				CLANG_ENABLE_OBJC_ARC = YES;
				CLANG_ENABLE_OBJC_WEAK = YES;
				CLANG_WARN_BLOCK_CAPTURE_AUTORELEASING = YES;
				CLANG_WARN_BOOL_CONVERSION = YES;
				CLANG_WARN_COMMA = YES;
				CLANG_WARN_CONSTANT_CONVERSION = YES;
				CLANG_WARN_DEPRECATED_OBJC_IMPLEMENTATIONS = YES;
				CLANG_WARN_DIRECT_OBJC_ISA_USAGE = YES_ERROR;
				CLANG_WARN_DOCUMENTATION_COMMENTS = YES;
				CLANG_WARN_EMPTY_BODY = YES;
				CLANG_WARN_ENUM_CONVERSION = YES;
				CLANG_WARN_INFINITE_RECURSION = YES;
				CLANG_WARN_INT_CONVERSION = YES;
				CLANG_WARN_NON_LITERAL_NULL_CONVERSION = YES;
				CLANG_WARN_OBJC_IMPLICIT_RETAIN_SELF = YES;
				CLANG_WARN_OBJC_LITERAL_CONVERSION = YES;
				CLANG_WARN_OBJC_ROOT_CLASS = YES_ERROR;
				CLANG_WARN_QUOTED_INCLUDE_IN_FRAMEWORK_HEADER = YES;
				CLANG_WARN_RANGE_LOOP_ANALYSIS = YES;
				CLANG_WARN_STRICT_PROTOTYPES = YES;
				CLANG_WARN_SUSPICIOUS_MOVE = YES;
				CLANG_WARN_UNGUARDED_AVAILABILITY = YES_AGGRESSIVE;
				CLANG_WARN_UNREACHABLE_CODE = YES;
				CLANG_WARN__DUPLICATE_METHOD_MATCH = YES;
				COPY_PHASE_STRIP = NO;
				DEBUG_INFORMATION_FORMAT = dwarf;
				ENABLE_STRICT_OBJC_MSGSEND = YES;
				ENABLE_TESTABILITY = YES;
				ENABLE_USER_SCRIPT_SANDBOXING = YES;
				GCC_C_LANGUAGE_STANDARD = gnu17;
				GCC_DYNAMIC_NO_PIC = NO;
				GCC_NO_COMMON_BLOCKS = YES;
				GCC_OPTIMIZATION_LEVEL = 0;
				GCC_PREPROCESSOR_DEFINITIONS = (
					"DEBUG=1",
					"$(inherited)",
				);
				GCC_WARN_64_TO_32_BIT_CONVERSION = YES;
				GCC_WARN_ABOUT_RETURN_TYPE = YES_ERROR;
				GCC_WARN_UNDECLARED_SELECTOR = YES;
				GCC_WARN_UNINITIALIZED_AUTOS = YES_AGGRESSIVE;
				GCC_WARN_UNUSED_FUNCTION = YES;
				GCC_WARN_UNUSED_VARIABLE = YES;
				IPHONEOS_DEPLOYMENT_TARGET = 17.5;
				LOCALIZATION_PREFERS_STRING_CATALOGS = YES;
				MTL_ENABLE_DEBUG_INFO = INCLUDE_SOURCE;
				MTL_FAST_MATH = YES;
				ONLY_ACTIVE_ARCH = YES;
				SDKROOT = iphoneos;
				SWIFT_ACTIVE_COMPILATION_CONDITIONS = "DEBUG $(inherited)";
				SWIFT_OPTIMIZATION_LEVEL = "-Onone";
			};
			name = Debug;
		};
		8710CFA22C00D44B00CA9F6B /* Release */ = {
			isa = XCBuildConfiguration;
			buildSettings = {
				ALWAYS_SEARCH_USER_PATHS = NO;
				ASSETCATALOG_COMPILER_GENERATE_SWIFT_ASSET_SYMBOL_EXTENSIONS = YES;
				CLANG_ANALYZER_NONNULL = YES;
				CLANG_ANALYZER_NUMBER_OBJECT_CONVERSION = YES_AGGRESSIVE;
				CLANG_CXX_LANGUAGE_STANDARD = "gnu++20";
				CLANG_ENABLE_MODULES = YES;
				CLANG_ENABLE_OBJC_ARC = YES;
				CLANG_ENABLE_OBJC_WEAK = YES;
				CLANG_WARN_BLOCK_CAPTURE_AUTORELEASING = YES;
				CLANG_WARN_BOOL_CONVERSION = YES;
				CLANG_WARN_COMMA = YES;
				CLANG_WARN_CONSTANT_CONVERSION = YES;
				CLANG_WARN_DEPRECATED_OBJC_IMPLEMENTATIONS = YES;
				CLANG_WARN_DIRECT_OBJC_ISA_USAGE = YES_ERROR;
				CLANG_WARN_DOCUMENTATION_COMMENTS = YES;
				CLANG_WARN_EMPTY_BODY = YES;
				CLANG_WARN_ENUM_CONVERSION = YES;
				CLANG_WARN_INFINITE_RECURSION = YES;
				CLANG_WARN_INT_CONVERSION = YES;
				CLANG_WARN_NON_LITERAL_NULL_CONVERSION = YES;
				CLANG_WARN_OBJC_IMPLICIT_RETAIN_SELF = YES;
				CLANG_WARN_OBJC_LITERAL_CONVERSION = YES;
				CLANG_WARN_OBJC_ROOT_CLASS = YES_ERROR;
				CLANG_WARN_QUOTED_INCLUDE_IN_FRAMEWORK_HEADER = YES;
				CLANG_WARN_RANGE_LOOP_ANALYSIS = YES;
				CLANG_WARN_STRICT_PROTOTYPES = YES;
				CLANG_WARN_SUSPICIOUS_MOVE = YES;
				CLANG_WARN_UNGUARDED_AVAILABILITY = YES_AGGRESSIVE;
				CLANG_WARN_UNREACHABLE_CODE = YES;
				CLANG_WARN__DUPLICATE_METHOD_MATCH = YES;
				COPY_PHASE_STRIP = NO;
				DEBUG_INFORMATION_FORMAT = "dwarf-with-dsym";
				ENABLE_NS_ASSERTIONS = NO;
				ENABLE_STRICT_OBJC_MSGSEND = YES;
				ENABLE_USER_SCRIPT_SANDBOXING = YES;
				GCC_C_LANGUAGE_STANDARD = gnu17;
				GCC_NO_COMMON_BLOCKS = YES;
				GCC_WARN_64_TO_32_BIT_CONVERSION = YES;
				GCC_WARN_ABOUT_RETURN_TYPE = YES_ERROR;
				GCC_WARN_UNDECLARED_SELECTOR = YES;
				GCC_WARN_UNINITIALIZED_AUTOS = YES_AGGRESSIVE;
				GCC_WARN_UNUSED_FUNCTION = YES;
				GCC_WARN_UNUSED_VARIABLE = YES;
				IPHONEOS_DEPLOYMENT_TARGET = 17.5;
				LOCALIZATION_PREFERS_STRING_CATALOGS = YES;
				MTL_ENABLE_DEBUG_INFO = NO;
				MTL_FAST_MATH = YES;
				SDKROOT = iphoneos;
				SWIFT_COMPILATION_MODE = wholemodule;
				VALIDATE_PRODUCT = YES;
			};
			name = Release;
		};
		8710CFA42C00D44B00CA9F6B /* Debug */ = {
			isa = XCBuildConfiguration;
			buildSettings = {
				ASSETCATALOG_COMPILER_APPICON_NAME = AppIcon;
				ASSETCATALOG_COMPILER_GLOBAL_ACCENT_COLOR_NAME = AccentColor;
				CODE_SIGN_STYLE = Automatic;
				CURRENT_PROJECT_VERSION = 1;
				DEVELOPMENT_ASSET_PATHS = "\"RokGame/Preview Content\"";
				DEVELOPMENT_TEAM = 46D5N68GTW;
				ENABLE_PREVIEWS = YES;
				GENERATE_INFOPLIST_FILE = YES;
				INFOPLIST_KEY_UIApplicationSceneManifest_Generation = YES;
				INFOPLIST_KEY_UIApplicationSupportsIndirectInputEvents = YES;
				INFOPLIST_KEY_UILaunchScreen_Generation = YES;
				INFOPLIST_KEY_UISupportedInterfaceOrientations_iPad = "UIInterfaceOrientationPortrait UIInterfaceOrientationPortraitUpsideDown UIInterfaceOrientationLandscapeLeft UIInterfaceOrientationLandscapeRight";
				INFOPLIST_KEY_UISupportedInterfaceOrientations_iPhone = "UIInterfaceOrientationPortrait UIInterfaceOrientationLandscapeLeft UIInterfaceOrientationLandscapeRight";
				LD_RUNPATH_SEARCH_PATHS = (
					"$(inherited)",
					"@executable_path/Frameworks",
				);
				MARKETING_VERSION = 1.0;
				PRODUCT_BUNDLE_IDENTIFIER = a.RokGame;
				PRODUCT_NAME = "$(TARGET_NAME)";
				SWIFT_EMIT_LOC_STRINGS = YES;
				SWIFT_VERSION = 5.0;
				TARGETED_DEVICE_FAMILY = "1,2";
			};
			name = Debug;
		};
		8710CFA52C00D44B00CA9F6B /* Release */ = {
			isa = XCBuildConfiguration;
			buildSettings = {
				ASSETCATALOG_COMPILER_APPICON_NAME = AppIcon;
				ASSETCATALOG_COMPILER_GLOBAL_ACCENT_COLOR_NAME = AccentColor;
				CODE_SIGN_STYLE = Automatic;
				CURRENT_PROJECT_VERSION = 1;
				DEVELOPMENT_ASSET_PATHS = "\"RokGame/Preview Content\"";
				DEVELOPMENT_TEAM = 46D5N68GTW;
				ENABLE_PREVIEWS = YES;
				GENERATE_INFOPLIST_FILE = YES;
				INFOPLIST_KEY_UIApplicationSceneManifest_Generation = YES;
				INFOPLIST_KEY_UIApplicationSupportsIndirectInputEvents = YES;
				INFOPLIST_KEY_UILaunchScreen_Generation = YES;
				INFOPLIST_KEY_UISupportedInterfaceOrientations_iPad = "UIInterfaceOrientationPortrait UIInterfaceOrientationPortraitUpsideDown UIInterfaceOrientationLandscapeLeft UIInterfaceOrientationLandscapeRight";
				INFOPLIST_KEY_UISupportedInterfaceOrientations_iPhone = "UIInterfaceOrientationPortrait UIInterfaceOrientationLandscapeLeft UIInterfaceOrientationLandscapeRight";
				LD_RUNPATH_SEARCH_PATHS = (
					"$(inherited)",
					"@executable_path/Frameworks",
				);
				MARKETING_VERSION = 1.0;
				PRODUCT_BUNDLE_IDENTIFIER = a.RokGame;
				PRODUCT_NAME = "$(TARGET_NAME)";
				SWIFT_EMIT_LOC_STRINGS = YES;
				SWIFT_VERSION = 5.0;
				TARGETED_DEVICE_FAMILY = "1,2";
			};
			name = Release;
		};
		8710CFA72C00D44B00CA9F6B /* Debug */ = {
			isa = XCBuildConfiguration;
			buildSettings = {
				ALWAYS_EMBED_SWIFT_STANDARD_LIBRARIES = YES;
				BUNDLE_LOADER = "$(TEST_HOST)";
				CODE_SIGN_STYLE = Automatic;
				CURRENT_PROJECT_VERSION = 1;
				DEVELOPMENT_TEAM = 46D5N68GTW;
				GENERATE_INFOPLIST_FILE = YES;
				IPHONEOS_DEPLOYMENT_TARGET = 17.5;
				MARKETING_VERSION = 1.0;
				PRODUCT_BUNDLE_IDENTIFIER = a.RokGameTests;
				PRODUCT_NAME = "$(TARGET_NAME)";
				SWIFT_EMIT_LOC_STRINGS = NO;
				SWIFT_VERSION = 5.0;
				TARGETED_DEVICE_FAMILY = "1,2";
				TEST_HOST = "$(BUILT_PRODUCTS_DIR)/RokGame.app/$(BUNDLE_EXECUTABLE_FOLDER_PATH)/RokGame";
			};
			name = Debug;
		};
		8710CFA82C00D44B00CA9F6B /* Release */ = {
			isa = XCBuildConfiguration;
			buildSettings = {
				ALWAYS_EMBED_SWIFT_STANDARD_LIBRARIES = YES;
				BUNDLE_LOADER = "$(TEST_HOST)";
				CODE_SIGN_STYLE = Automatic;
				CURRENT_PROJECT_VERSION = 1;
				DEVELOPMENT_TEAM = 46D5N68GTW;
				GENERATE_INFOPLIST_FILE = YES;
				IPHONEOS_DEPLOYMENT_TARGET = 17.5;
				MARKETING_VERSION = 1.0;
				PRODUCT_BUNDLE_IDENTIFIER = a.RokGameTests;
				PRODUCT_NAME = "$(TARGET_NAME)";
				SWIFT_EMIT_LOC_STRINGS = NO;
				SWIFT_VERSION = 5.0;
				TARGETED_DEVICE_FAMILY = "1,2";
				TEST_HOST = "$(BUILT_PRODUCTS_DIR)/RokGame.app/$(BUNDLE_EXECUTABLE_FOLDER_PATH)/RokGame";
			};
			name = Release;
		};
		8710CFAA2C00D44B00CA9F6B /* Debug */ = {
			isa = XCBuildConfiguration;
			buildSettings = {
				ALWAYS_EMBED_SWIFT_STANDARD_LIBRARIES = YES;
				CODE_SIGN_STYLE = Automatic;
				CURRENT_PROJECT_VERSION = 1;
				DEVELOPMENT_TEAM = 46D5N68GTW;
				GENERATE_INFOPLIST_FILE = YES;
				MARKETING_VERSION = 1.0;
				PRODUCT_BUNDLE_IDENTIFIER = a.RokGameUITests;
				PRODUCT_NAME = "$(TARGET_NAME)";
				SWIFT_EMIT_LOC_STRINGS = NO;
				SWIFT_VERSION = 5.0;
				TARGETED_DEVICE_FAMILY = "1,2";
				TEST_TARGET_NAME = RokGame;
			};
			name = Debug;
		};
		8710CFAB2C00D44B00CA9F6B /* Release */ = {
			isa = XCBuildConfiguration;
			buildSettings = {
				ALWAYS_EMBED_SWIFT_STANDARD_LIBRARIES = YES;
				CODE_SIGN_STYLE = Automatic;
				CURRENT_PROJECT_VERSION = 1;
				DEVELOPMENT_TEAM = 46D5N68GTW;
				GENERATE_INFOPLIST_FILE = YES;
				MARKETING_VERSION = 1.0;
				PRODUCT_BUNDLE_IDENTIFIER = a.RokGameUITests;
				PRODUCT_NAME = "$(TARGET_NAME)";
				SWIFT_EMIT_LOC_STRINGS = NO;
				SWIFT_VERSION = 5.0;
				TARGETED_DEVICE_FAMILY = "1,2";
				TEST_TARGET_NAME = RokGame;
			};
			name = Release;
		};
/* End XCBuildConfiguration section */

/* Begin XCConfigurationList section */
		8710CF7A2C00D44A00CA9F6B /* Build configuration list for PBXProject "RokGame" */ = {
			isa = XCConfigurationList;
			buildConfigurations = (
				8710CFA12C00D44B00CA9F6B /* Debug */,
				8710CFA22C00D44B00CA9F6B /* Release */,
			);
			defaultConfigurationIsVisible = 0;
			defaultConfigurationName = Release;
		};
		8710CFA32C00D44B00CA9F6B /* Build configuration list for PBXNativeTarget "RokGame" */ = {
			isa = XCConfigurationList;
			buildConfigurations = (
				8710CFA42C00D44B00CA9F6B /* Debug */,
				8710CFA52C00D44B00CA9F6B /* Release */,
			);
			defaultConfigurationIsVisible = 0;
			defaultConfigurationName = Release;
		};
		8710CFA62C00D44B00CA9F6B /* Build configuration list for PBXNativeTarget "RokGameTests" */ = {
			isa = XCConfigurationList;
			buildConfigurations = (
				8710CFA72C00D44B00CA9F6B /* Debug */,
				8710CFA82C00D44B00CA9F6B /* Release */,
			);
			defaultConfigurationIsVisible = 0;
			defaultConfigurationName = Release;
		};
		8710CFA92C00D44B00CA9F6B /* Build configuration list for PBXNativeTarget "RokGameUITests" */ = {
			isa = XCConfigurationList;
			buildConfigurations = (
				8710CFAA2C00D44B00CA9F6B /* Debug */,
				8710CFAB2C00D44B00CA9F6B /* Release */,
			);
			defaultConfigurationIsVisible = 0;
			defaultConfigurationName = Release;
		};
/* End XCConfigurationList section */
	};
	rootObject = 8710CF772C00D44A00CA9F6B /* Project object */;
}
